// !$*UTF8*$!
{
	archiveVersion = 1;
	classes = {
	};
	objectVersion = 46;
	objects = {

/* Begin PBXBuildFile section */
		4328D3A05E7BDBF686FC21FB /* Pods_USConstitution.framework in Frameworks */ = {isa = PBXBuildFile; fileRef = 1BCEBA4530F0D9B3D7DDDE87 /* Pods_USConstitution.framework */; };
		DB2C95FD1F33CE3F00FBDB99 /* Reachability.swift in Sources */ = {isa = PBXBuildFile; fileRef = DB2C95FC1F33CE3F00FBDB99 /* Reachability.swift */; };
		DB2C95FF1F33CE8500FBDB99 /* GlobalFunctions.swift in Sources */ = {isa = PBXBuildFile; fileRef = DB2C95FE1F33CE8500FBDB99 /* GlobalFunctions.swift */; };
		DB37D92C1E6612CB00CFC2AC /* Canterbury.ttf in Resources */ = {isa = PBXBuildFile; fileRef = DB37D92B1E66120800CFC2AC /* Canterbury.ttf */; };
		DB63F89D1E1A0F3A00FB8699 /* ScoresViewController.swift in Sources */ = {isa = PBXBuildFile; fileRef = DB63F89C1E1A0F3A00FB8699 /* ScoresViewController.swift */; };
		DBA304531E1867300023D678 /* LoginViewController.swift in Sources */ = {isa = PBXBuildFile; fileRef = DBA304521E1867300023D678 /* LoginViewController.swift */; };
		DBA304551E18748E0023D678 /* CreateProfileViewController.swift in Sources */ = {isa = PBXBuildFile; fileRef = DBA304541E18748E0023D678 /* CreateProfileViewController.swift */; };
		DBA7D2E61F34F719003F473C /* Constitution_QuizzerUITests.swift in Sources */ = {isa = PBXBuildFile; fileRef = DBA7D2E51F34F719003F473C /* Constitution_QuizzerUITests.swift */; };
		DBA7D2F41F34F733003F473C /* Constitution_QuizzerTests.swift in Sources */ = {isa = PBXBuildFile; fileRef = DBA7D2F31F34F733003F473C /* Constitution_QuizzerTests.swift */; };
		DBAEB64A1E133C6300F9A540 /* QuestionViewController.swift in Sources */ = {isa = PBXBuildFile; fileRef = DBAEB6491E133C6300F9A540 /* QuestionViewController.swift */; };
		DBAEB64C1E135AF900F9A540 /* FirebaseClient.swift in Sources */ = {isa = PBXBuildFile; fileRef = DBAEB64B1E135AF900F9A540 /* FirebaseClient.swift */; };
		DBAEB64E1E135BC000F9A540 /* Quiz.swift in Sources */ = {isa = PBXBuildFile; fileRef = DBAEB64D1E135BC000F9A540 /* Quiz.swift */; };
		DBCB72C31E1322DF00F4B6F0 /* AppDelegate.swift in Sources */ = {isa = PBXBuildFile; fileRef = DBCB72C21E1322DF00F4B6F0 /* AppDelegate.swift */; };
		DBCB72C51E1322DF00F4B6F0 /* SelectLevelViewController.swift in Sources */ = {isa = PBXBuildFile; fileRef = DBCB72C41E1322DF00F4B6F0 /* SelectLevelViewController.swift */; };
		DBCB72C81E1322DF00F4B6F0 /* Main.storyboard in Resources */ = {isa = PBXBuildFile; fileRef = DBCB72C61E1322DF00F4B6F0 /* Main.storyboard */; };
		DBCB72CD1E1322DF00F4B6F0 /* Assets.xcassets in Resources */ = {isa = PBXBuildFile; fileRef = DBCB72CC1E1322DF00F4B6F0 /* Assets.xcassets */; };
		DBCB72D01E1322DF00F4B6F0 /* LaunchScreen.storyboard in Resources */ = {isa = PBXBuildFile; fileRef = DBCB72CE1E1322DF00F4B6F0 /* LaunchScreen.storyboard */; };
		DBCB72F61E1323D800F4B6F0 /* GoogleService-Info.plist in Resources */ = {isa = PBXBuildFile; fileRef = DBCB72F51E1323D800F4B6F0 /* GoogleService-Info.plist */; };
/* End PBXBuildFile section */

/* Begin PBXContainerItemProxy section */
		DBA7D2E81F34F719003F473C /* PBXContainerItemProxy */ = {
			isa = PBXContainerItemProxy;
			containerPortal = DBCB72B71E1322DE00F4B6F0 /* Project object */;
			proxyType = 1;
			remoteGlobalIDString = DBCB72BE1E1322DE00F4B6F0;
			remoteInfo = "Constitution Quizzer";
		};
		DBA7D2F61F34F733003F473C /* PBXContainerItemProxy */ = {
			isa = PBXContainerItemProxy;
			containerPortal = DBCB72B71E1322DE00F4B6F0 /* Project object */;
			proxyType = 1;
			remoteGlobalIDString = DBCB72BE1E1322DE00F4B6F0;
			remoteInfo = "Constitution Quizzer";
		};
/* End PBXContainerItemProxy section */

/* Begin PBXFileReference section */
		05391C2D2FBCB93A61720E22 /* Pods-USConstitutionTests.debug.xcconfig */ = {isa = PBXFileReference; includeInIndex = 1; lastKnownFileType = text.xcconfig; name = "Pods-USConstitutionTests.debug.xcconfig"; path = "Pods/Target Support Files/Pods-USConstitutionTests/Pods-USConstitutionTests.debug.xcconfig"; sourceTree = "<group>"; };
		0DCC1557A109BB325CBAE18E /* Pods-USConstitutionTests.release.xcconfig */ = {isa = PBXFileReference; includeInIndex = 1; lastKnownFileType = text.xcconfig; name = "Pods-USConstitutionTests.release.xcconfig"; path = "Pods/Target Support Files/Pods-USConstitutionTests/Pods-USConstitutionTests.release.xcconfig"; sourceTree = "<group>"; };
		1BCEBA4530F0D9B3D7DDDE87 /* Pods_USConstitution.framework */ = {isa = PBXFileReference; explicitFileType = wrapper.framework; includeInIndex = 0; path = Pods_USConstitution.framework; sourceTree = BUILT_PRODUCTS_DIR; };
		33B1C970A78C884E9033AE84 /* Pods-USConstitution.debug.xcconfig */ = {isa = PBXFileReference; includeInIndex = 1; lastKnownFileType = text.xcconfig; name = "Pods-USConstitution.debug.xcconfig"; path = "Pods/Target Support Files/Pods-USConstitution/Pods-USConstitution.debug.xcconfig"; sourceTree = "<group>"; };
		43D3315838811826E403D9C5 /* Pods_USConstitutionTests.framework */ = {isa = PBXFileReference; explicitFileType = wrapper.framework; includeInIndex = 0; path = Pods_USConstitutionTests.framework; sourceTree = BUILT_PRODUCTS_DIR; };
		5064867BDA4275916EB8F5FA /* Pods_USConstitutionUITests.framework */ = {isa = PBXFileReference; explicitFileType = wrapper.framework; includeInIndex = 0; path = Pods_USConstitutionUITests.framework; sourceTree = BUILT_PRODUCTS_DIR; };
		658FCCB0B300992799E865A0 /* Pods-USConstitution.release.xcconfig */ = {isa = PBXFileReference; includeInIndex = 1; lastKnownFileType = text.xcconfig; name = "Pods-USConstitution.release.xcconfig"; path = "Pods/Target Support Files/Pods-USConstitution/Pods-USConstitution.release.xcconfig"; sourceTree = "<group>"; };
		B126FEDA5D89BF50147BC5D7 /* Pods-USConstitutionUITests.debug.xcconfig */ = {isa = PBXFileReference; includeInIndex = 1; lastKnownFileType = text.xcconfig; name = "Pods-USConstitutionUITests.debug.xcconfig"; path = "Pods/Target Support Files/Pods-USConstitutionUITests/Pods-USConstitutionUITests.debug.xcconfig"; sourceTree = "<group>"; };
		CD858BAE88E645CE131C267B /* Pods-USConstitutionUITests.release.xcconfig */ = {isa = PBXFileReference; includeInIndex = 1; lastKnownFileType = text.xcconfig; name = "Pods-USConstitutionUITests.release.xcconfig"; path = "Pods/Target Support Files/Pods-USConstitutionUITests/Pods-USConstitutionUITests.release.xcconfig"; sourceTree = "<group>"; };
		DB2C95FC1F33CE3F00FBDB99 /* Reachability.swift */ = {isa = PBXFileReference; fileEncoding = 4; lastKnownFileType = sourcecode.swift; path = Reachability.swift; sourceTree = "<group>"; };
		DB2C95FE1F33CE8500FBDB99 /* GlobalFunctions.swift */ = {isa = PBXFileReference; fileEncoding = 4; lastKnownFileType = sourcecode.swift; path = GlobalFunctions.swift; sourceTree = "<group>"; };
		DB37D92B1E66120800CFC2AC /* Canterbury.ttf */ = {isa = PBXFileReference; lastKnownFileType = file; path = Canterbury.ttf; sourceTree = "<group>"; };
		DB63F89C1E1A0F3A00FB8699 /* ScoresViewController.swift */ = {isa = PBXFileReference; fileEncoding = 4; lastKnownFileType = sourcecode.swift; path = ScoresViewController.swift; sourceTree = "<group>"; };
		DBA304521E1867300023D678 /* LoginViewController.swift */ = {isa = PBXFileReference; fileEncoding = 4; lastKnownFileType = sourcecode.swift; path = LoginViewController.swift; sourceTree = "<group>"; };
		DBA304541E18748E0023D678 /* CreateProfileViewController.swift */ = {isa = PBXFileReference; fileEncoding = 4; lastKnownFileType = sourcecode.swift; path = CreateProfileViewController.swift; sourceTree = "<group>"; };
		DBA7D2E31F34F719003F473C /* Constitution QuizzerUITests.xctest */ = {isa = PBXFileReference; explicitFileType = wrapper.cfbundle; includeInIndex = 0; path = "Constitution QuizzerUITests.xctest"; sourceTree = BUILT_PRODUCTS_DIR; };
		DBA7D2E51F34F719003F473C /* Constitution_QuizzerUITests.swift */ = {isa = PBXFileReference; lastKnownFileType = sourcecode.swift; path = Constitution_QuizzerUITests.swift; sourceTree = "<group>"; };
		DBA7D2E71F34F719003F473C /* Info.plist */ = {isa = PBXFileReference; lastKnownFileType = text.plist.xml; path = Info.plist; sourceTree = "<group>"; };
		DBA7D2F11F34F733003F473C /* Constitution QuizzerTests.xctest */ = {isa = PBXFileReference; explicitFileType = wrapper.cfbundle; includeInIndex = 0; path = "Constitution QuizzerTests.xctest"; sourceTree = BUILT_PRODUCTS_DIR; };
		DBA7D2F31F34F733003F473C /* Constitution_QuizzerTests.swift */ = {isa = PBXFileReference; lastKnownFileType = sourcecode.swift; path = Constitution_QuizzerTests.swift; sourceTree = "<group>"; };
		DBA7D2F51F34F733003F473C /* Info.plist */ = {isa = PBXFileReference; lastKnownFileType = text.plist.xml; path = Info.plist; sourceTree = "<group>"; };
		DBAEB6491E133C6300F9A540 /* QuestionViewController.swift */ = {isa = PBXFileReference; fileEncoding = 4; lastKnownFileType = sourcecode.swift; path = QuestionViewController.swift; sourceTree = "<group>"; };
		DBAEB64B1E135AF900F9A540 /* FirebaseClient.swift */ = {isa = PBXFileReference; fileEncoding = 4; lastKnownFileType = sourcecode.swift; path = FirebaseClient.swift; sourceTree = "<group>"; };
		DBAEB64D1E135BC000F9A540 /* Quiz.swift */ = {isa = PBXFileReference; fileEncoding = 4; lastKnownFileType = sourcecode.swift; path = Quiz.swift; sourceTree = "<group>"; };
		DBCB72BF1E1322DF00F4B6F0 /* Constitution Quizzer.app */ = {isa = PBXFileReference; explicitFileType = wrapper.application; includeInIndex = 0; path = "Constitution Quizzer.app"; sourceTree = BUILT_PRODUCTS_DIR; };
		DBCB72C21E1322DF00F4B6F0 /* AppDelegate.swift */ = {isa = PBXFileReference; lastKnownFileType = sourcecode.swift; path = AppDelegate.swift; sourceTree = "<group>"; };
		DBCB72C41E1322DF00F4B6F0 /* SelectLevelViewController.swift */ = {isa = PBXFileReference; lastKnownFileType = sourcecode.swift; path = SelectLevelViewController.swift; sourceTree = "<group>"; };
		DBCB72C71E1322DF00F4B6F0 /* Base */ = {isa = PBXFileReference; lastKnownFileType = file.storyboard; name = Base; path = Base.lproj/Main.storyboard; sourceTree = "<group>"; };
		DBCB72CC1E1322DF00F4B6F0 /* Assets.xcassets */ = {isa = PBXFileReference; lastKnownFileType = folder.assetcatalog; path = Assets.xcassets; sourceTree = "<group>"; };
		DBCB72CF1E1322DF00F4B6F0 /* Base */ = {isa = PBXFileReference; lastKnownFileType = file.storyboard; name = Base; path = Base.lproj/LaunchScreen.storyboard; sourceTree = "<group>"; };
		DBCB72D11E1322DF00F4B6F0 /* Info.plist */ = {isa = PBXFileReference; lastKnownFileType = text.plist.xml; path = Info.plist; sourceTree = "<group>"; };
		DBCB72F51E1323D800F4B6F0 /* GoogleService-Info.plist */ = {isa = PBXFileReference; fileEncoding = 4; lastKnownFileType = text.plist.xml; path = "GoogleService-Info.plist"; sourceTree = "<group>"; };
/* End PBXFileReference section */

/* Begin PBXFrameworksBuildPhase section */
		DBA7D2E01F34F719003F473C /* Frameworks */ = {
			isa = PBXFrameworksBuildPhase;
			buildActionMask = 2147483647;
			files = (
			);
			runOnlyForDeploymentPostprocessing = 0;
		};
		DBA7D2EE1F34F733003F473C /* Frameworks */ = {
			isa = PBXFrameworksBuildPhase;
			buildActionMask = 2147483647;
			files = (
			);
			runOnlyForDeploymentPostprocessing = 0;
		};
		DBCB72BC1E1322DE00F4B6F0 /* Frameworks */ = {
			isa = PBXFrameworksBuildPhase;
			buildActionMask = 2147483647;
			files = (
				4328D3A05E7BDBF686FC21FB /* Pods_USConstitution.framework in Frameworks */,
			);
			runOnlyForDeploymentPostprocessing = 0;
		};
/* End PBXFrameworksBuildPhase section */

/* Begin PBXGroup section */
		AD02F04299CB36D0ADC408FC /* Pods */ = {
			isa = PBXGroup;
			children = (
				33B1C970A78C884E9033AE84 /* Pods-USConstitution.debug.xcconfig */,
				658FCCB0B300992799E865A0 /* Pods-USConstitution.release.xcconfig */,
				05391C2D2FBCB93A61720E22 /* Pods-USConstitutionTests.debug.xcconfig */,
				0DCC1557A109BB325CBAE18E /* Pods-USConstitutionTests.release.xcconfig */,
				B126FEDA5D89BF50147BC5D7 /* Pods-USConstitutionUITests.debug.xcconfig */,
				CD858BAE88E645CE131C267B /* Pods-USConstitutionUITests.release.xcconfig */,
			);
			name = Pods;
			sourceTree = "<group>";
		};
		DBA7D2E41F34F719003F473C /* Constitution QuizzerUITests */ = {
			isa = PBXGroup;
			children = (
				DBA7D2E51F34F719003F473C /* Constitution_QuizzerUITests.swift */,
				DBA7D2E71F34F719003F473C /* Info.plist */,
			);
			path = "Constitution QuizzerUITests";
			sourceTree = "<group>";
		};
		DBA7D2F21F34F733003F473C /* Constitution QuizzerTests */ = {
			isa = PBXGroup;
			children = (
				DBA7D2F31F34F733003F473C /* Constitution_QuizzerTests.swift */,
				DBA7D2F51F34F733003F473C /* Info.plist */,
			);
			path = "Constitution QuizzerTests";
			sourceTree = "<group>";
		};
		DBCB72B61E1322DE00F4B6F0 = {
			isa = PBXGroup;
			children = (
				DBCB72C11E1322DF00F4B6F0 /* Constitution Quizzer */,
				DBA7D2E41F34F719003F473C /* Constitution QuizzerUITests */,
				DBA7D2F21F34F733003F473C /* Constitution QuizzerTests */,
				DBCB72C01E1322DF00F4B6F0 /* Products */,
				AD02F04299CB36D0ADC408FC /* Pods */,
				E2C40A1818E6BAF1928F9ADD /* Frameworks */,
			);
			sourceTree = "<group>";
		};
		DBCB72C01E1322DF00F4B6F0 /* Products */ = {
			isa = PBXGroup;
			children = (
				DBCB72BF1E1322DF00F4B6F0 /* Constitution Quizzer.app */,
				DBA7D2E31F34F719003F473C /* Constitution QuizzerUITests.xctest */,
				DBA7D2F11F34F733003F473C /* Constitution QuizzerTests.xctest */,
			);
			name = Products;
			sourceTree = "<group>";
		};
		DBCB72C11E1322DF00F4B6F0 /* Constitution Quizzer */ = {
			isa = PBXGroup;
			children = (
				DBCB72C21E1322DF00F4B6F0 /* AppDelegate.swift */,
				DBAEB64D1E135BC000F9A540 /* Quiz.swift */,
				DBAEB64B1E135AF900F9A540 /* FirebaseClient.swift */,
				DBA304521E1867300023D678 /* LoginViewController.swift */,
				DBA304541E18748E0023D678 /* CreateProfileViewController.swift */,
				DBCB72C41E1322DF00F4B6F0 /* SelectLevelViewController.swift */,
				DBAEB6491E133C6300F9A540 /* QuestionViewController.swift */,
				DB63F89C1E1A0F3A00FB8699 /* ScoresViewController.swift */,
				DBCB72C61E1322DF00F4B6F0 /* Main.storyboard */,
				DBCB72CC1E1322DF00F4B6F0 /* Assets.xcassets */,
				DB37D92B1E66120800CFC2AC /* Canterbury.ttf */,
				DBCB72CE1E1322DF00F4B6F0 /* LaunchScreen.storyboard */,
				DBCB72D11E1322DF00F4B6F0 /* Info.plist */,
				DBCB72F51E1323D800F4B6F0 /* GoogleService-Info.plist */,
				DB2C95FC1F33CE3F00FBDB99 /* Reachability.swift */,
				DB2C95FE1F33CE8500FBDB99 /* GlobalFunctions.swift */,
			);
			path = "Constitution Quizzer";
			sourceTree = "<group>";
		};
		E2C40A1818E6BAF1928F9ADD /* Frameworks */ = {
			isa = PBXGroup;
			children = (
				1BCEBA4530F0D9B3D7DDDE87 /* Pods_USConstitution.framework */,
				43D3315838811826E403D9C5 /* Pods_USConstitutionTests.framework */,
				5064867BDA4275916EB8F5FA /* Pods_USConstitutionUITests.framework */,
			);
			name = Frameworks;
			sourceTree = "<group>";
		};
/* End PBXGroup section */

/* Begin PBXNativeTarget section */
		DBA7D2E21F34F719003F473C /* Constitution QuizzerUITests */ = {
			isa = PBXNativeTarget;
			buildConfigurationList = DBA7D2EA1F34F719003F473C /* Build configuration list for PBXNativeTarget "Constitution QuizzerUITests" */;
			buildPhases = (
				DBA7D2DF1F34F719003F473C /* Sources */,
				DBA7D2E01F34F719003F473C /* Frameworks */,
				DBA7D2E11F34F719003F473C /* Resources */,
			);
			buildRules = (
			);
			dependencies = (
				DBA7D2E91F34F719003F473C /* PBXTargetDependency */,
			);
			name = "Constitution QuizzerUITests";
			productName = "Constitution QuizzerUITests";
			productReference = DBA7D2E31F34F719003F473C /* Constitution QuizzerUITests.xctest */;
			productType = "com.apple.product-type.bundle.ui-testing";
		};
		DBA7D2F01F34F733003F473C /* Constitution QuizzerTests */ = {
			isa = PBXNativeTarget;
			buildConfigurationList = DBA7D2F81F34F733003F473C /* Build configuration list for PBXNativeTarget "Constitution QuizzerTests" */;
			buildPhases = (
				DBA7D2ED1F34F733003F473C /* Sources */,
				DBA7D2EE1F34F733003F473C /* Frameworks */,
				DBA7D2EF1F34F733003F473C /* Resources */,
			);
			buildRules = (
			);
			dependencies = (
				DBA7D2F71F34F733003F473C /* PBXTargetDependency */,
			);
			name = "Constitution QuizzerTests";
			productName = "Constitution QuizzerTests";
			productReference = DBA7D2F11F34F733003F473C /* Constitution QuizzerTests.xctest */;
			productType = "com.apple.product-type.bundle.unit-test";
		};
		DBCB72BE1E1322DE00F4B6F0 /* Constitution Quizzer */ = {
			isa = PBXNativeTarget;
			buildConfigurationList = DBCB72EA1E1322DF00F4B6F0 /* Build configuration list for PBXNativeTarget "Constitution Quizzer" */;
			buildPhases = (
				93648159FC27875A5F940936 /* [CP] Check Pods Manifest.lock */,
				DBCB72BB1E1322DE00F4B6F0 /* Sources */,
				DBCB72BC1E1322DE00F4B6F0 /* Frameworks */,
				DBCB72BD1E1322DE00F4B6F0 /* Resources */,
				5C11ACFDFAF765A665217543 /* [CP] Embed Pods Frameworks */,
				A16D43A2A0E99B9E49B29255 /* [CP] Copy Pods Resources */,
			);
			buildRules = (
			);
			dependencies = (
			);
			name = "Constitution Quizzer";
			productName = USConstitution;
			productReference = DBCB72BF1E1322DF00F4B6F0 /* Constitution Quizzer.app */;
			productType = "com.apple.product-type.application";
		};
/* End PBXNativeTarget section */

/* Begin PBXProject section */
		DBCB72B71E1322DE00F4B6F0 /* Project object */ = {
			isa = PBXProject;
			attributes = {
				LastSwiftUpdateCheck = 0830;
				LastUpgradeCheck = 0810;
				ORGANIZATIONNAME = "Adam Zarn";
				TargetAttributes = {
					DBA7D2E21F34F719003F473C = {
						CreatedOnToolsVersion = 8.3.3;
						DevelopmentTeam = QA67695N79;
						ProvisioningStyle = Automatic;
						TestTargetID = DBCB72BE1E1322DE00F4B6F0;
					};
					DBA7D2F01F34F733003F473C = {
						CreatedOnToolsVersion = 8.3.3;
						DevelopmentTeam = QA67695N79;
						ProvisioningStyle = Automatic;
						TestTargetID = DBCB72BE1E1322DE00F4B6F0;
					};
					DBCB72BE1E1322DE00F4B6F0 = {
						CreatedOnToolsVersion = 8.1;
						DevelopmentTeam = QA67695N79;
						ProvisioningStyle = Automatic;
						SystemCapabilities = {
							com.apple.Keychain = {
								enabled = 1;
							};
						};
					};
				};
			};
			buildConfigurationList = DBCB72BA1E1322DE00F4B6F0 /* Build configuration list for PBXProject "Constitution Quizzer" */;
			compatibilityVersion = "Xcode 3.2";
			developmentRegion = English;
			hasScannedForEncodings = 0;
			knownRegions = (
				en,
				Base,
			);
			mainGroup = DBCB72B61E1322DE00F4B6F0;
			productRefGroup = DBCB72C01E1322DF00F4B6F0 /* Products */;
			projectDirPath = "";
			projectRoot = "";
			targets = (
				DBCB72BE1E1322DE00F4B6F0 /* Constitution Quizzer */,
				DBA7D2E21F34F719003F473C /* Constitution QuizzerUITests */,
				DBA7D2F01F34F733003F473C /* Constitution QuizzerTests */,
			);
		};
/* End PBXProject section */

/* Begin PBXResourcesBuildPhase section */
		DBA7D2E11F34F719003F473C /* Resources */ = {
			isa = PBXResourcesBuildPhase;
			buildActionMask = 2147483647;
			files = (
			);
			runOnlyForDeploymentPostprocessing = 0;
		};
		DBA7D2EF1F34F733003F473C /* Resources */ = {
			isa = PBXResourcesBuildPhase;
			buildActionMask = 2147483647;
			files = (
			);
			runOnlyForDeploymentPostprocessing = 0;
		};
		DBCB72BD1E1322DE00F4B6F0 /* Resources */ = {
			isa = PBXResourcesBuildPhase;
			buildActionMask = 2147483647;
			files = (
				DB37D92C1E6612CB00CFC2AC /* Canterbury.ttf in Resources */,
				DBCB72F61E1323D800F4B6F0 /* GoogleService-Info.plist in Resources */,
				DBCB72D01E1322DF00F4B6F0 /* LaunchScreen.storyboard in Resources */,
				DBCB72CD1E1322DF00F4B6F0 /* Assets.xcassets in Resources */,
				DBCB72C81E1322DF00F4B6F0 /* Main.storyboard in Resources */,
			);
			runOnlyForDeploymentPostprocessing = 0;
		};
/* End PBXResourcesBuildPhase section */

/* Begin PBXShellScriptBuildPhase section */
		5C11ACFDFAF765A665217543 /* [CP] Embed Pods Frameworks */ = {
			isa = PBXShellScriptBuildPhase;
			buildActionMask = 2147483647;
			files = (
			);
			inputPaths = (
			);
			name = "[CP] Embed Pods Frameworks";
			outputPaths = (
			);
			runOnlyForDeploymentPostprocessing = 0;
			shellPath = /bin/sh;
			shellScript = "\"${SRCROOT}/Pods/Target Support Files/Pods-USConstitution/Pods-USConstitution-frameworks.sh\"\n";
			showEnvVarsInLog = 0;
		};
		93648159FC27875A5F940936 /* [CP] Check Pods Manifest.lock */ = {
			isa = PBXShellScriptBuildPhase;
			buildActionMask = 2147483647;
			files = (
			);
			inputPaths = (
			);
			name = "[CP] Check Pods Manifest.lock";
			outputPaths = (
			);
			runOnlyForDeploymentPostprocessing = 0;
			shellPath = /bin/sh;
			shellScript = "diff \"${PODS_ROOT}/../Podfile.lock\" \"${PODS_ROOT}/Manifest.lock\" > /dev/null\nif [[ $? != 0 ]] ; then\n    cat << EOM\nerror: The sandbox is not in sync with the Podfile.lock. Run 'pod install' or update your CocoaPods installation.\nEOM\n    exit 1\nfi\n";
			showEnvVarsInLog = 0;
		};
		A16D43A2A0E99B9E49B29255 /* [CP] Copy Pods Resources */ = {
			isa = PBXShellScriptBuildPhase;
			buildActionMask = 2147483647;
			files = (
			);
			inputPaths = (
			);
			name = "[CP] Copy Pods Resources";
			outputPaths = (
			);
			runOnlyForDeploymentPostprocessing = 0;
			shellPath = /bin/sh;
			shellScript = "\"${SRCROOT}/Pods/Target Support Files/Pods-USConstitution/Pods-USConstitution-resources.sh\"\n";
			showEnvVarsInLog = 0;
		};
/* End PBXShellScriptBuildPhase section */

/* Begin PBXSourcesBuildPhase section */
		DBA7D2DF1F34F719003F473C /* Sources */ = {
			isa = PBXSourcesBuildPhase;
			buildActionMask = 2147483647;
			files = (
				DBA7D2E61F34F719003F473C /* Constitution_QuizzerUITests.swift in Sources */,
			);
			runOnlyForDeploymentPostprocessing = 0;
		};
		DBA7D2ED1F34F733003F473C /* Sources */ = {
			isa = PBXSourcesBuildPhase;
			buildActionMask = 2147483647;
			files = (
				DBA7D2F41F34F733003F473C /* Constitution_QuizzerTests.swift in Sources */,
			);
			runOnlyForDeploymentPostprocessing = 0;
		};
		DBCB72BB1E1322DE00F4B6F0 /* Sources */ = {
			isa = PBXSourcesBuildPhase;
			buildActionMask = 2147483647;
			files = (
				DB2C95FF1F33CE8500FBDB99 /* GlobalFunctions.swift in Sources */,
				DBA304551E18748E0023D678 /* CreateProfileViewController.swift in Sources */,
				DBA304531E1867300023D678 /* LoginViewController.swift in Sources */,
				DBCB72C51E1322DF00F4B6F0 /* SelectLevelViewController.swift in Sources */,
				DBCB72C31E1322DF00F4B6F0 /* AppDelegate.swift in Sources */,
				DB63F89D1E1A0F3A00FB8699 /* ScoresViewController.swift in Sources */,
				DBAEB64C1E135AF900F9A540 /* FirebaseClient.swift in Sources */,
				DBAEB64E1E135BC000F9A540 /* Quiz.swift in Sources */,
				DBAEB64A1E133C6300F9A540 /* QuestionViewController.swift in Sources */,
				DB2C95FD1F33CE3F00FBDB99 /* Reachability.swift in Sources */,
			);
			runOnlyForDeploymentPostprocessing = 0;
		};
/* End PBXSourcesBuildPhase section */

/* Begin PBXTargetDependency section */
		DBA7D2E91F34F719003F473C /* PBXTargetDependency */ = {
			isa = PBXTargetDependency;
			target = DBCB72BE1E1322DE00F4B6F0 /* Constitution Quizzer */;
			targetProxy = DBA7D2E81F34F719003F473C /* PBXContainerItemProxy */;
		};
		DBA7D2F71F34F733003F473C /* PBXTargetDependency */ = {
			isa = PBXTargetDependency;
			target = DBCB72BE1E1322DE00F4B6F0 /* Constitution Quizzer */;
			targetProxy = DBA7D2F61F34F733003F473C /* PBXContainerItemProxy */;
		};
/* End PBXTargetDependency section */

/* Begin PBXVariantGroup section */
		DBCB72C61E1322DF00F4B6F0 /* Main.storyboard */ = {
			isa = PBXVariantGroup;
			children = (
				DBCB72C71E1322DF00F4B6F0 /* Base */,
			);
			name = Main.storyboard;
			sourceTree = "<group>";
		};
		DBCB72CE1E1322DF00F4B6F0 /* LaunchScreen.storyboard */ = {
			isa = PBXVariantGroup;
			children = (
				DBCB72CF1E1322DF00F4B6F0 /* Base */,
			);
			name = LaunchScreen.storyboard;
			sourceTree = "<group>";
		};
/* End PBXVariantGroup section */

/* Begin XCBuildConfiguration section */
		DBA7D2EB1F34F719003F473C /* Debug */ = {
			isa = XCBuildConfiguration;
			buildSettings = {
				CLANG_ANALYZER_NUMBER_OBJECT_CONVERSION = YES_AGGRESSIVE;
				CLANG_WARN_SUSPICIOUS_MOVE = YES;
				DEVELOPMENT_TEAM = QA67695N79;
				INFOPLIST_FILE = "Constitution QuizzerUITests/Info.plist";
				IPHONEOS_DEPLOYMENT_TARGET = 10.3;
				LD_RUNPATH_SEARCH_PATHS = "$(inherited) @executable_path/Frameworks @loader_path/Frameworks";
				PRODUCT_BUNDLE_IDENTIFIER = "AJZ.Constitution-QuizzerUITests";
				PRODUCT_NAME = "$(TARGET_NAME)";
				SWIFT_VERSION = 3.0;
				TEST_TARGET_NAME = "Constitution Quizzer";
			};
			name = Debug;
		};
		DBA7D2EC1F34F719003F473C /* Release */ = {
			isa = XCBuildConfiguration;
			buildSettings = {
				CLANG_ANALYZER_NUMBER_OBJECT_CONVERSION = YES_AGGRESSIVE;
				CLANG_WARN_SUSPICIOUS_MOVE = YES;
				DEVELOPMENT_TEAM = QA67695N79;
				INFOPLIST_FILE = "Constitution QuizzerUITests/Info.plist";
				IPHONEOS_DEPLOYMENT_TARGET = 10.3;
				LD_RUNPATH_SEARCH_PATHS = "$(inherited) @executable_path/Frameworks @loader_path/Frameworks";
				PRODUCT_BUNDLE_IDENTIFIER = "AJZ.Constitution-QuizzerUITests";
				PRODUCT_NAME = "$(TARGET_NAME)";
				SWIFT_VERSION = 3.0;
				TEST_TARGET_NAME = "Constitution Quizzer";
			};
			name = Release;
		};
		DBA7D2F91F34F733003F473C /* Debug */ = {
			isa = XCBuildConfiguration;
			buildSettings = {
				BUNDLE_LOADER = "$(TEST_HOST)";
				CLANG_ANALYZER_NUMBER_OBJECT_CONVERSION = YES_AGGRESSIVE;
				CLANG_WARN_SUSPICIOUS_MOVE = YES;
				DEVELOPMENT_TEAM = QA67695N79;
				INFOPLIST_FILE = "Constitution QuizzerTests/Info.plist";
				IPHONEOS_DEPLOYMENT_TARGET = 10.3;
				LD_RUNPATH_SEARCH_PATHS = "$(inherited) @executable_path/Frameworks @loader_path/Frameworks";
				PRODUCT_BUNDLE_IDENTIFIER = "AJZ.Constitution-QuizzerTests";
				PRODUCT_NAME = "$(TARGET_NAME)";
				SWIFT_VERSION = 3.0;
				TEST_HOST = "$(BUILT_PRODUCTS_DIR)/Constitution Quizzer.app/Constitution Quizzer";
			};
			name = Debug;
		};
		DBA7D2FA1F34F733003F473C /* Release */ = {
			isa = XCBuildConfiguration;
			buildSettings = {
				BUNDLE_LOADER = "$(TEST_HOST)";
				CLANG_ANALYZER_NUMBER_OBJECT_CONVERSION = YES_AGGRESSIVE;
				CLANG_WARN_SUSPICIOUS_MOVE = YES;
				DEVELOPMENT_TEAM = QA67695N79;
				INFOPLIST_FILE = "Constitution QuizzerTests/Info.plist";
				IPHONEOS_DEPLOYMENT_TARGET = 10.3;
				LD_RUNPATH_SEARCH_PATHS = "$(inherited) @executable_path/Frameworks @loader_path/Frameworks";
				PRODUCT_BUNDLE_IDENTIFIER = "AJZ.Constitution-QuizzerTests";
				PRODUCT_NAME = "$(TARGET_NAME)";
				SWIFT_VERSION = 3.0;
				TEST_HOST = "$(BUILT_PRODUCTS_DIR)/Constitution Quizzer.app/Constitution Quizzer";
			};
			name = Release;
		};
		DBCB72E81E1322DF00F4B6F0 /* Debug */ = {
			isa = XCBuildConfiguration;
			buildSettings = {
				ALWAYS_SEARCH_USER_PATHS = NO;
				CLANG_ANALYZER_NONNULL = YES;
				CLANG_CXX_LANGUAGE_STANDARD = "gnu++0x";
				CLANG_CXX_LIBRARY = "libc++";
				CLANG_ENABLE_MODULES = YES;
				CLANG_ENABLE_OBJC_ARC = YES;
				CLANG_WARN_BOOL_CONVERSION = YES;
				CLANG_WARN_CONSTANT_CONVERSION = YES;
				CLANG_WARN_DIRECT_OBJC_ISA_USAGE = YES_ERROR;
				CLANG_WARN_DOCUMENTATION_COMMENTS = YES;
				CLANG_WARN_EMPTY_BODY = YES;
				CLANG_WARN_ENUM_CONVERSION = YES;
				CLANG_WARN_INFINITE_RECURSION = YES;
				CLANG_WARN_INT_CONVERSION = YES;
				CLANG_WARN_OBJC_ROOT_CLASS = YES_ERROR;
				CLANG_WARN_SUSPICIOUS_MOVES = YES;
				CLANG_WARN_UNREACHABLE_CODE = YES;
				CLANG_WARN__DUPLICATE_METHOD_MATCH = YES;
				"CODE_SIGN_IDENTITY[sdk=iphoneos*]" = "iPhone Developer";
				COPY_PHASE_STRIP = NO;
				DEBUG_INFORMATION_FORMAT = dwarf;
				ENABLE_STRICT_OBJC_MSGSEND = YES;
				ENABLE_TESTABILITY = YES;
				GCC_C_LANGUAGE_STANDARD = gnu99;
				GCC_DYNAMIC_NO_PIC = NO;
				GCC_NO_COMMON_BLOCKS = YES;
				GCC_OPTIMIZATION_LEVEL = 0;
				GCC_PREPROCESSOR_DEFINITIONS = (
					"DEBUG=1",
					"$(inherited)",
				);
				GCC_WARN_64_TO_32_BIT_CONVERSION = YES;
				GCC_WARN_ABOUT_RETURN_TYPE = YES_ERROR;
				GCC_WARN_UNDECLARED_SELECTOR = YES;
				GCC_WARN_UNINITIALIZED_AUTOS = YES_AGGRESSIVE;
				GCC_WARN_UNUSED_FUNCTION = YES;
				GCC_WARN_UNUSED_VARIABLE = YES;
				IPHONEOS_DEPLOYMENT_TARGET = 10.1;
				MTL_ENABLE_DEBUG_INFO = YES;
				ONLY_ACTIVE_ARCH = YES;
				SDKROOT = iphoneos;
				SWIFT_ACTIVE_COMPILATION_CONDITIONS = DEBUG;
				SWIFT_OPTIMIZATION_LEVEL = "-Onone";
			};
			name = Debug;
		};
		DBCB72E91E1322DF00F4B6F0 /* Release */ = {
			isa = XCBuildConfiguration;
			buildSettings = {
				ALWAYS_SEARCH_USER_PATHS = NO;
				CLANG_ANALYZER_NONNULL = YES;
				CLANG_CXX_LANGUAGE_STANDARD = "gnu++0x";
				CLANG_CXX_LIBRARY = "libc++";
				CLANG_ENABLE_MODULES = YES;
				CLANG_ENABLE_OBJC_ARC = YES;
				CLANG_WARN_BOOL_CONVERSION = YES;
				CLANG_WARN_CONSTANT_CONVERSION = YES;
				CLANG_WARN_DIRECT_OBJC_ISA_USAGE = YES_ERROR;
				CLANG_WARN_DOCUMENTATION_COMMENTS = YES;
				CLANG_WARN_EMPTY_BODY = YES;
				CLANG_WARN_ENUM_CONVERSION = YES;
				CLANG_WARN_INFINITE_RECURSION = YES;
				CLANG_WARN_INT_CONVERSION = YES;
				CLANG_WARN_OBJC_ROOT_CLASS = YES_ERROR;
				CLANG_WARN_SUSPICIOUS_MOVES = YES;
				CLANG_WARN_UNREACHABLE_CODE = YES;
				CLANG_WARN__DUPLICATE_METHOD_MATCH = YES;
				"CODE_SIGN_IDENTITY[sdk=iphoneos*]" = "iPhone Developer";
				COPY_PHASE_STRIP = NO;
				DEBUG_INFORMATION_FORMAT = "dwarf-with-dsym";
				ENABLE_NS_ASSERTIONS = NO;
				ENABLE_STRICT_OBJC_MSGSEND = YES;
				GCC_C_LANGUAGE_STANDARD = gnu99;
				GCC_NO_COMMON_BLOCKS = YES;
				GCC_WARN_64_TO_32_BIT_CONVERSION = YES;
				GCC_WARN_ABOUT_RETURN_TYPE = YES_ERROR;
				GCC_WARN_UNDECLARED_SELECTOR = YES;
				GCC_WARN_UNINITIALIZED_AUTOS = YES_AGGRESSIVE;
				GCC_WARN_UNUSED_FUNCTION = YES;
				GCC_WARN_UNUSED_VARIABLE = YES;
				IPHONEOS_DEPLOYMENT_TARGET = 10.1;
				MTL_ENABLE_DEBUG_INFO = NO;
				SDKROOT = iphoneos;
				SWIFT_OPTIMIZATION_LEVEL = "-Owholemodule";
				VALIDATE_PRODUCT = YES;
			};
			name = Release;
		};
		DBCB72EB1E1322DF00F4B6F0 /* Debug */ = {
			isa = XCBuildConfiguration;
			baseConfigurationReference = 33B1C970A78C884E9033AE84 /* Pods-USConstitution.debug.xcconfig */;
			buildSettings = {
				ASSETCATALOG_COMPILER_APPICON_NAME = AppIcon;
				CODE_SIGN_ENTITLEMENTS = "Constitution Quizzer/USConstitution.entitlements";
				DEVELOPMENT_TEAM = QA67695N79;
				ENABLE_BITCODE = NO;
				INFOPLIST_FILE = "Constitution Quizzer/Info.plist";
				LD_RUNPATH_SEARCH_PATHS = "$(inherited) @executable_path/Frameworks";
				PRODUCT_BUNDLE_IDENTIFIER = AJZ.ConstitutionQuizzer;
				PRODUCT_NAME = "$(TARGET_NAME)";
				SWIFT_VERSION = 3.0;
				TARGETED_DEVICE_FAMILY = 1;
			};
			name = Debug;
		};
		DBCB72EC1E1322DF00F4B6F0 /* Release */ = {
			isa = XCBuildConfiguration;
			baseConfigurationReference = 658FCCB0B300992799E865A0 /* Pods-USConstitution.release.xcconfig */;
			buildSettings = {
				ASSETCATALOG_COMPILER_APPICON_NAME = AppIcon;
				CODE_SIGN_ENTITLEMENTS = "Constitution Quizzer/USConstitution.entitlements";
				DEVELOPMENT_TEAM = QA67695N79;
				ENABLE_BITCODE = NO;
				INFOPLIST_FILE = "Constitution Quizzer/Info.plist";
				LD_RUNPATH_SEARCH_PATHS = "$(inherited) @executable_path/Frameworks";
				PRODUCT_BUNDLE_IDENTIFIER = AJZ.ConstitutionQuizzer;
				PRODUCT_NAME = "$(TARGET_NAME)";
				SWIFT_VERSION = 3.0;
				TARGETED_DEVICE_FAMILY = 1;
			};
			name = Release;
		};
/* End XCBuildConfiguration section */

/* Begin XCConfigurationList section */
		DBA7D2EA1F34F719003F473C /* Build configuration list for PBXNativeTarget "Constitution QuizzerUITests" */ = {
			isa = XCConfigurationList;
			buildConfigurations = (
				DBA7D2EB1F34F719003F473C /* Debug */,
				DBA7D2EC1F34F719003F473C /* Release */,
			);
			defaultConfigurationIsVisible = 0;
		};
		DBA7D2F81F34F733003F473C /* Build configuration list for PBXNativeTarget "Constitution QuizzerTests" */ = {
			isa = XCConfigurationList;
			buildConfigurations = (
				DBA7D2F91F34F733003F473C /* Debug */,
				DBA7D2FA1F34F733003F473C /* Release */,
			);
			defaultConfigurationIsVisible = 0;
		};
		DBCB72BA1E1322DE00F4B6F0 /* Build configuration list for PBXProject "Constitution Quizzer" */ = {
			isa = XCConfigurationList;
			buildConfigurations = (
				DBCB72E81E1322DF00F4B6F0 /* Debug */,
				DBCB72E91E1322DF00F4B6F0 /* Release */,
			);
			defaultConfigurationIsVisible = 0;
			defaultConfigurationName = Release;
		};
		DBCB72EA1E1322DF00F4B6F0 /* Build configuration list for PBXNativeTarget "Constitution Quizzer" */ = {
			isa = XCConfigurationList;
			buildConfigurations = (
				DBCB72EB1E1322DF00F4B6F0 /* Debug */,
				DBCB72EC1E1322DF00F4B6F0 /* Release */,
			);
			defaultConfigurationIsVisible = 0;
			defaultConfigurationName = Release;
		};
/* End XCConfigurationList section */
	};
	rootObject = DBCB72B71E1322DE00F4B6F0 /* Project object */;
}
