// !$*UTF8*$!
{
	archiveVersion = 1;
	classes = {
	};
	objectVersion = 46;
	objects = {

/* Begin PBXBuildFile section */
		DBCB72C31E1322DF00F4B6F0 /* AppDelegate.swift in Sources */ = {isa = PBXBuildFile; fileRef = DBCB72C21E1322DF00F4B6F0 /* AppDelegate.swift */; };
		DBCB72C51E1322DF00F4B6F0 /* ViewController.swift in Sources */ = {isa = PBXBuildFile; fileRef = DBCB72C41E1322DF00F4B6F0 /* ViewController.swift */; };
		DBCB72C81E1322DF00F4B6F0 /* Main.storyboard in Resources */ = {isa = PBXBuildFile; fileRef = DBCB72C61E1322DF00F4B6F0 /* Main.storyboard */; };
		DBCB72CB1E1322DF00F4B6F0 /* USConstitution.xcdatamodeld in Sources */ = {isa = PBXBuildFile; fileRef = DBCB72C91E1322DF00F4B6F0 /* USConstitution.xcdatamodeld */; };
		DBCB72CD1E1322DF00F4B6F0 /* Assets.xcassets in Resources */ = {isa = PBXBuildFile; fileRef = DBCB72CC1E1322DF00F4B6F0 /* Assets.xcassets */; };
		DBCB72D01E1322DF00F4B6F0 /* LaunchScreen.storyboard in Resources */ = {isa = PBXBuildFile; fileRef = DBCB72CE1E1322DF00F4B6F0 /* LaunchScreen.storyboard */; };
		DBCB72DB1E1322DF00F4B6F0 /* USConstitutionTests.swift in Sources */ = {isa = PBXBuildFile; fileRef = DBCB72DA1E1322DF00F4B6F0 /* USConstitutionTests.swift */; };
		DBCB72E61E1322DF00F4B6F0 /* USConstitutionUITests.swift in Sources */ = {isa = PBXBuildFile; fileRef = DBCB72E51E1322DF00F4B6F0 /* USConstitutionUITests.swift */; };
/* End PBXBuildFile section */

/* Begin PBXContainerItemProxy section */
		DBCB72D71E1322DF00F4B6F0 /* PBXContainerItemProxy */ = {
			isa = PBXContainerItemProxy;
			containerPortal = DBCB72B71E1322DE00F4B6F0 /* Project object */;
			proxyType = 1;
			remoteGlobalIDString = DBCB72BE1E1322DE00F4B6F0;
			remoteInfo = USConstitution;
		};
		DBCB72E21E1322DF00F4B6F0 /* PBXContainerItemProxy */ = {
			isa = PBXContainerItemProxy;
			containerPortal = DBCB72B71E1322DE00F4B6F0 /* Project object */;
			proxyType = 1;
			remoteGlobalIDString = DBCB72BE1E1322DE00F4B6F0;
			remoteInfo = USConstitution;
		};
/* End PBXContainerItemProxy section */

/* Begin PBXFileReference section */
		DBCB72BF1E1322DF00F4B6F0 /* USConstitution.app */ = {isa = PBXFileReference; explicitFileType = wrapper.application; includeInIndex = 0; path = USConstitution.app; sourceTree = BUILT_PRODUCTS_DIR; };
		DBCB72C21E1322DF00F4B6F0 /* AppDelegate.swift */ = {isa = PBXFileReference; lastKnownFileType = sourcecode.swift; path = AppDelegate.swift; sourceTree = "<group>"; };
		DBCB72C41E1322DF00F4B6F0 /* ViewController.swift */ = {isa = PBXFileReference; lastKnownFileType = sourcecode.swift; path = ViewController.swift; sourceTree = "<group>"; };
		DBCB72C71E1322DF00F4B6F0 /* Base */ = {isa = PBXFileReference; lastKnownFileType = file.storyboard; name = Base; path = Base.lproj/Main.storyboard; sourceTree = "<group>"; };
		DBCB72CA1E1322DF00F4B6F0 /* USConstitution.xcdatamodel */ = {isa = PBXFileReference; lastKnownFileType = wrapper.xcdatamodel; path = USConstitution.xcdatamodel; sourceTree = "<group>"; };
		DBCB72CC1E1322DF00F4B6F0 /* Assets.xcassets */ = {isa = PBXFileReference; lastKnownFileType = folder.assetcatalog; path = Assets.xcassets; sourceTree = "<group>"; };
		DBCB72CF1E1322DF00F4B6F0 /* Base */ = {isa = PBXFileReference; lastKnownFileType = file.storyboard; name = Base; path = Base.lproj/LaunchScreen.storyboard; sourceTree = "<group>"; };
		DBCB72D11E1322DF00F4B6F0 /* Info.plist */ = {isa = PBXFileReference; lastKnownFileType = text.plist.xml; path = Info.plist; sourceTree = "<group>"; };
		DBCB72D61E1322DF00F4B6F0 /* USConstitutionTests.xctest */ = {isa = PBXFileReference; explicitFileType = wrapper.cfbundle; includeInIndex = 0; path = USConstitutionTests.xctest; sourceTree = BUILT_PRODUCTS_DIR; };
		DBCB72DA1E1322DF00F4B6F0 /* USConstitutionTests.swift */ = {isa = PBXFileReference; lastKnownFileType = sourcecode.swift; path = USConstitutionTests.swift; sourceTree = "<group>"; };
		DBCB72DC1E1322DF00F4B6F0 /* Info.plist */ = {isa = PBXFileReference; lastKnownFileType = text.plist.xml; path = Info.plist; sourceTree = "<group>"; };
		DBCB72E11E1322DF00F4B6F0 /* USConstitutionUITests.xctest */ = {isa = PBXFileReference; explicitFileType = wrapper.cfbundle; includeInIndex = 0; path = USConstitutionUITests.xctest; sourceTree = BUILT_PRODUCTS_DIR; };
		DBCB72E51E1322DF00F4B6F0 /* USConstitutionUITests.swift */ = {isa = PBXFileReference; lastKnownFileType = sourcecode.swift; path = USConstitutionUITests.swift; sourceTree = "<group>"; };
		DBCB72E71E1322DF00F4B6F0 /* Info.plist */ = {isa = PBXFileReference; lastKnownFileType = text.plist.xml; path = Info.plist; sourceTree = "<group>"; };
/* End PBXFileReference section */

/* Begin PBXFrameworksBuildPhase section */
		DBCB72BC1E1322DE00F4B6F0 /* Frameworks */ = {
			isa = PBXFrameworksBuildPhase;
			buildActionMask = 2147483647;
			files = (
			);
			runOnlyForDeploymentPostprocessing = 0;
		};
		DBCB72D31E1322DF00F4B6F0 /* Frameworks */ = {
			isa = PBXFrameworksBuildPhase;
			buildActionMask = 2147483647;
			files = (
			);
			runOnlyForDeploymentPostprocessing = 0;
		};
		DBCB72DE1E1322DF00F4B6F0 /* Frameworks */ = {
			isa = PBXFrameworksBuildPhase;
			buildActionMask = 2147483647;
			files = (
			);
			runOnlyForDeploymentPostprocessing = 0;
		};
/* End PBXFrameworksBuildPhase section */

/* Begin PBXGroup section */
		DBCB72B61E1322DE00F4B6F0 = {
			isa = PBXGroup;
			children = (
				DBCB72C11E1322DF00F4B6F0 /* USConstitution */,
				DBCB72D91E1322DF00F4B6F0 /* USConstitutionTests */,
				DBCB72E41E1322DF00F4B6F0 /* USConstitutionUITests */,
				DBCB72C01E1322DF00F4B6F0 /* Products */,
			);
			sourceTree = "<group>";
		};
		DBCB72C01E1322DF00F4B6F0 /* Products */ = {
			isa = PBXGroup;
			children = (
				DBCB72BF1E1322DF00F4B6F0 /* USConstitution.app */,
				DBCB72D61E1322DF00F4B6F0 /* USConstitutionTests.xctest */,
				DBCB72E11E1322DF00F4B6F0 /* USConstitutionUITests.xctest */,
			);
			name = Products;
			sourceTree = "<group>";
		};
		DBCB72C11E1322DF00F4B6F0 /* USConstitution */ = {
			isa = PBXGroup;
			children = (
				DBCB72C21E1322DF00F4B6F0 /* AppDelegate.swift */,
				DBCB72C41E1322DF00F4B6F0 /* ViewController.swift */,
				DBCB72C61E1322DF00F4B6F0 /* Main.storyboard */,
				DBCB72CC1E1322DF00F4B6F0 /* Assets.xcassets */,
				DBCB72CE1E1322DF00F4B6F0 /* LaunchScreen.storyboard */,
				DBCB72D11E1322DF00F4B6F0 /* Info.plist */,
				DBCB72C91E1322DF00F4B6F0 /* USConstitution.xcdatamodeld */,
			);
			path = USConstitution;
			sourceTree = "<group>";
		};
		DBCB72D91E1322DF00F4B6F0 /* USConstitutionTests */ = {
			isa = PBXGroup;
			children = (
				DBCB72DA1E1322DF00F4B6F0 /* USConstitutionTests.swift */,
				DBCB72DC1E1322DF00F4B6F0 /* Info.plist */,
			);
			path = USConstitutionTests;
			sourceTree = "<group>";
		};
		DBCB72E41E1322DF00F4B6F0 /* USConstitutionUITests */ = {
			isa = PBXGroup;
			children = (
				DBCB72E51E1322DF00F4B6F0 /* USConstitutionUITests.swift */,
				DBCB72E71E1322DF00F4B6F0 /* Info.plist */,
			);
			path = USConstitutionUITests;
			sourceTree = "<group>";
		};
/* End PBXGroup section */

/* Begin PBXNativeTarget section */
		DBCB72BE1E1322DE00F4B6F0 /* USConstitution */ = {
			isa = PBXNativeTarget;
			buildConfigurationList = DBCB72EA1E1322DF00F4B6F0 /* Build configuration list for PBXNativeTarget "USConstitution" */;
			buildPhases = (
				DBCB72BB1E1322DE00F4B6F0 /* Sources */,
				DBCB72BC1E1322DE00F4B6F0 /* Frameworks */,
				DBCB72BD1E1322DE00F4B6F0 /* Resources */,
			);
			buildRules = (
			);
			dependencies = (
			);
			name = USConstitution;
			productName = USConstitution;
			productReference = DBCB72BF1E1322DF00F4B6F0 /* USConstitution.app */;
			productType = "com.apple.product-type.application";
		};
		DBCB72D51E1322DF00F4B6F0 /* USConstitutionTests */ = {
			isa = PBXNativeTarget;
			buildConfigurationList = DBCB72ED1E1322E000F4B6F0 /* Build configuration list for PBXNativeTarget "USConstitutionTests" */;
			buildPhases = (
				DBCB72D21E1322DF00F4B6F0 /* Sources */,
				DBCB72D31E1322DF00F4B6F0 /* Frameworks */,
				DBCB72D41E1322DF00F4B6F0 /* Resources */,
			);
			buildRules = (
			);
			dependencies = (
				DBCB72D81E1322DF00F4B6F0 /* PBXTargetDependency */,
			);
			name = USConstitutionTests;
			productName = USConstitutionTests;
			productReference = DBCB72D61E1322DF00F4B6F0 /* USConstitutionTests.xctest */;
			productType = "com.apple.product-type.bundle.unit-test";
		};
		DBCB72E01E1322DF00F4B6F0 /* USConstitutionUITests */ = {
			isa = PBXNativeTarget;
			buildConfigurationList = DBCB72F01E1322E000F4B6F0 /* Build configuration list for PBXNativeTarget "USConstitutionUITests" */;
			buildPhases = (
				DBCB72DD1E1322DF00F4B6F0 /* Sources */,
				DBCB72DE1E1322DF00F4B6F0 /* Frameworks */,
				DBCB72DF1E1322DF00F4B6F0 /* Resources */,
			);
			buildRules = (
			);
			dependencies = (
				DBCB72E31E1322DF00F4B6F0 /* PBXTargetDependency */,
			);
			name = USConstitutionUITests;
			productName = USConstitutionUITests;
			productReference = DBCB72E11E1322DF00F4B6F0 /* USConstitutionUITests.xctest */;
			productType = "com.apple.product-type.bundle.ui-testing";
		};
/* End PBXNativeTarget section */

/* Begin PBXProject section */
		DBCB72B71E1322DE00F4B6F0 /* Project object */ = {
			isa = PBXProject;
			attributes = {
				LastSwiftUpdateCheck = 0810;
				LastUpgradeCheck = 0810;
				ORGANIZATIONNAME = "Adam Zarn";
				TargetAttributes = {
					DBCB72BE1E1322DE00F4B6F0 = {
						CreatedOnToolsVersion = 8.1;
						ProvisioningStyle = Automatic;
					};
					DBCB72D51E1322DF00F4B6F0 = {
						CreatedOnToolsVersion = 8.1;
						ProvisioningStyle = Automatic;
						TestTargetID = DBCB72BE1E1322DE00F4B6F0;
					};
					DBCB72E01E1322DF00F4B6F0 = {
						CreatedOnToolsVersion = 8.1;
						ProvisioningStyle = Automatic;
						TestTargetID = DBCB72BE1E1322DE00F4B6F0;
					};
				};
			};
			buildConfigurationList = DBCB72BA1E1322DE00F4B6F0 /* Build configuration list for PBXProject "USConstitution" */;
			compatibilityVersion = "Xcode 3.2";
			developmentRegion = English;
			hasScannedForEncodings = 0;
			knownRegions = (
				en,
				Base,
			);
			mainGroup = DBCB72B61E1322DE00F4B6F0;
			productRefGroup = DBCB72C01E1322DF00F4B6F0 /* Products */;
			projectDirPath = "";
			projectRoot = "";
			targets = (
				DBCB72BE1E1322DE00F4B6F0 /* USConstitution */,
				DBCB72D51E1322DF00F4B6F0 /* USConstitutionTests */,
				DBCB72E01E1322DF00F4B6F0 /* USConstitutionUITests */,
			);
		};
/* End PBXProject section */

/* Begin PBXResourcesBuildPhase section */
		DBCB72BD1E1322DE00F4B6F0 /* Resources */ = {
			isa = PBXResourcesBuildPhase;
			buildActionMask = 2147483647;
			files = (
				DBCB72D01E1322DF00F4B6F0 /* LaunchScreen.storyboard in Resources */,
				DBCB72CD1E1322DF00F4B6F0 /* Assets.xcassets in Resources */,
				DBCB72C81E1322DF00F4B6F0 /* Main.storyboard in Resources */,
			);
			runOnlyForDeploymentPostprocessing = 0;
		};
		DBCB72D41E1322DF00F4B6F0 /* Resources */ = {
			isa = PBXResourcesBuildPhase;
			buildActionMask = 2147483647;
			files = (
			);
			runOnlyForDeploymentPostprocessing = 0;
		};
		DBCB72DF1E1322DF00F4B6F0 /* Resources */ = {
			isa = PBXResourcesBuildPhase;
			buildActionMask = 2147483647;
			files = (
			);
			runOnlyForDeploymentPostprocessing = 0;
		};
/* End PBXResourcesBuildPhase section */

/* Begin PBXSourcesBuildPhase section */
		DBCB72BB1E1322DE00F4B6F0 /* Sources */ = {
			isa = PBXSourcesBuildPhase;
			buildActionMask = 2147483647;
			files = (
				DBCB72C51E1322DF00F4B6F0 /* ViewController.swift in Sources */,
				DBCB72C31E1322DF00F4B6F0 /* AppDelegate.swift in Sources */,
				DBCB72CB1E1322DF00F4B6F0 /* USConstitution.xcdatamodeld in Sources */,
			);
			runOnlyForDeploymentPostprocessing = 0;
		};
		DBCB72D21E1322DF00F4B6F0 /* Sources */ = {
			isa = PBXSourcesBuildPhase;
			buildActionMask = 2147483647;
			files = (
				DBCB72DB1E1322DF00F4B6F0 /* USConstitutionTests.swift in Sources */,
			);
			runOnlyForDeploymentPostprocessing = 0;
		};
		DBCB72DD1E1322DF00F4B6F0 /* Sources */ = {
			isa = PBXSourcesBuildPhase;
			buildActionMask = 2147483647;
			files = (
				DBCB72E61E1322DF00F4B6F0 /* USConstitutionUITests.swift in Sources */,
			);
			runOnlyForDeploymentPostprocessing = 0;
		};
/* End PBXSourcesBuildPhase section */

/* Begin PBXTargetDependency section */
		DBCB72D81E1322DF00F4B6F0 /* PBXTargetDependency */ = {
			isa = PBXTargetDependency;
			target = DBCB72BE1E1322DE00F4B6F0 /* USConstitution */;
			targetProxy = DBCB72D71E1322DF00F4B6F0 /* PBXContainerItemProxy */;
		};
		DBCB72E31E1322DF00F4B6F0 /* PBXTargetDependency */ = {
			isa = PBXTargetDependency;
			target = DBCB72BE1E1322DE00F4B6F0 /* USConstitution */;
			targetProxy = DBCB72E21E1322DF00F4B6F0 /* PBXContainerItemProxy */;
		};
/* End PBXTargetDependency section */

/* Begin PBXVariantGroup section */
		DBCB72C61E1322DF00F4B6F0 /* Main.storyboard */ = {
			isa = PBXVariantGroup;
			children = (
				DBCB72C71E1322DF00F4B6F0 /* Base */,
			);
			name = Main.storyboard;
			sourceTree = "<group>";
		};
		DBCB72CE1E1322DF00F4B6F0 /* LaunchScreen.storyboard */ = {
			isa = PBXVariantGroup;
			children = (
				DBCB72CF1E1322DF00F4B6F0 /* Base */,
			);
			name = LaunchScreen.storyboard;
			sourceTree = "<group>";
		};
/* End PBXVariantGroup section */

/* Begin XCBuildConfiguration section */
		DBCB72E81E1322DF00F4B6F0 /* Debug */ = {
			isa = XCBuildConfiguration;
			buildSettings = {
				ALWAYS_SEARCH_USER_PATHS = NO;
				CLANG_ANALYZER_NONNULL = YES;
				CLANG_CXX_LANGUAGE_STANDARD = "gnu++0x";
				CLANG_CXX_LIBRARY = "libc++";
				CLANG_ENABLE_MODULES = YES;
				CLANG_ENABLE_OBJC_ARC = YES;
				CLANG_WARN_BOOL_CONVERSION = YES;
				CLANG_WARN_CONSTANT_CONVERSION = YES;
				CLANG_WARN_DIRECT_OBJC_ISA_USAGE = YES_ERROR;
				CLANG_WARN_DOCUMENTATION_COMMENTS = YES;
				CLANG_WARN_EMPTY_BODY = YES;
				CLANG_WARN_ENUM_CONVERSION = YES;
				CLANG_WARN_INFINITE_RECURSION = YES;
				CLANG_WARN_INT_CONVERSION = YES;
				CLANG_WARN_OBJC_ROOT_CLASS = YES_ERROR;
				CLANG_WARN_SUSPICIOUS_MOVES = YES;
				CLANG_WARN_UNREACHABLE_CODE = YES;
				CLANG_WARN__DUPLICATE_METHOD_MATCH = YES;
				"CODE_SIGN_IDENTITY[sdk=iphoneos*]" = "iPhone Developer";
				COPY_PHASE_STRIP = NO;
				DEBUG_INFORMATION_FORMAT = dwarf;
				ENABLE_STRICT_OBJC_MSGSEND = YES;
				ENABLE_TESTABILITY = YES;
				GCC_C_LANGUAGE_STANDARD = gnu99;
				GCC_DYNAMIC_NO_PIC = NO;
				GCC_NO_COMMON_BLOCKS = YES;
				GCC_OPTIMIZATION_LEVEL = 0;
				GCC_PREPROCESSOR_DEFINITIONS = (
					"DEBUG=1",
					"$(inherited)",
				);
				GCC_WARN_64_TO_32_BIT_CONVERSION = YES;
				GCC_WARN_ABOUT_RETURN_TYPE = YES_ERROR;
				GCC_WARN_UNDECLARED_SELECTOR = YES;
				GCC_WARN_UNINITIALIZED_AUTOS = YES_AGGRESSIVE;
				GCC_WARN_UNUSED_FUNCTION = YES;
				GCC_WARN_UNUSED_VARIABLE = YES;
				IPHONEOS_DEPLOYMENT_TARGET = 10.1;
				MTL_ENABLE_DEBUG_INFO = YES;
				ONLY_ACTIVE_ARCH = YES;
				SDKROOT = iphoneos;
				SWIFT_ACTIVE_COMPILATION_CONDITIONS = DEBUG;
				SWIFT_OPTIMIZATION_LEVEL = "-Onone";
			};
			name = Debug;
		};
		DBCB72E91E1322DF00F4B6F0 /* Release */ = {
			isa = XCBuildConfiguration;
			buildSettings = {
				ALWAYS_SEARCH_USER_PATHS = NO;
				CLANG_ANALYZER_NONNULL = YES;
				CLANG_CXX_LANGUAGE_STANDARD = "gnu++0x";
				CLANG_CXX_LIBRARY = "libc++";
				CLANG_ENABLE_MODULES = YES;
				CLANG_ENABLE_OBJC_ARC = YES;
				CLANG_WARN_BOOL_CONVERSION = YES;
				CLANG_WARN_CONSTANT_CONVERSION = YES;
				CLANG_WARN_DIRECT_OBJC_ISA_USAGE = YES_ERROR;
				CLANG_WARN_DOCUMENTATION_COMMENTS = YES;
				CLANG_WARN_EMPTY_BODY = YES;
				CLANG_WARN_ENUM_CONVERSION = YES;
				CLANG_WARN_INFINITE_RECURSION = YES;
				CLANG_WARN_INT_CONVERSION = YES;
				CLANG_WARN_OBJC_ROOT_CLASS = YES_ERROR;
				CLANG_WARN_SUSPICIOUS_MOVES = YES;
				CLANG_WARN_UNREACHABLE_CODE = YES;
				CLANG_WARN__DUPLICATE_METHOD_MATCH = YES;
				"CODE_SIGN_IDENTITY[sdk=iphoneos*]" = "iPhone Developer";
				COPY_PHASE_STRIP = NO;
				DEBUG_INFORMATION_FORMAT = "dwarf-with-dsym";
				ENABLE_NS_ASSERTIONS = NO;
				ENABLE_STRICT_OBJC_MSGSEND = YES;
				GCC_C_LANGUAGE_STANDARD = gnu99;
				GCC_NO_COMMON_BLOCKS = YES;
				GCC_WARN_64_TO_32_BIT_CONVERSION = YES;
				GCC_WARN_ABOUT_RETURN_TYPE = YES_ERROR;
				GCC_WARN_UNDECLARED_SELECTOR = YES;
				GCC_WARN_UNINITIALIZED_AUTOS = YES_AGGRESSIVE;
				GCC_WARN_UNUSED_FUNCTION = YES;
				GCC_WARN_UNUSED_VARIABLE = YES;
				IPHONEOS_DEPLOYMENT_TARGET = 10.1;
				MTL_ENABLE_DEBUG_INFO = NO;
				SDKROOT = iphoneos;
				SWIFT_OPTIMIZATION_LEVEL = "-Owholemodule";
				VALIDATE_PRODUCT = YES;
			};
			name = Release;
		};
		DBCB72EB1E1322DF00F4B6F0 /* Debug */ = {
			isa = XCBuildConfiguration;
			buildSettings = {
				ASSETCATALOG_COMPILER_APPICON_NAME = AppIcon;
				INFOPLIST_FILE = USConstitution/Info.plist;
				LD_RUNPATH_SEARCH_PATHS = "$(inherited) @executable_path/Frameworks";
				PRODUCT_BUNDLE_IDENTIFIER = AJZ.USConstitution;
				PRODUCT_NAME = "$(TARGET_NAME)";
				SWIFT_VERSION = 3.0;
			};
			name = Debug;
		};
		DBCB72EC1E1322DF00F4B6F0 /* Release */ = {
			isa = XCBuildConfiguration;
			buildSettings = {
				ASSETCATALOG_COMPILER_APPICON_NAME = AppIcon;
				INFOPLIST_FILE = USConstitution/Info.plist;
				LD_RUNPATH_SEARCH_PATHS = "$(inherited) @executable_path/Frameworks";
				PRODUCT_BUNDLE_IDENTIFIER = AJZ.USConstitution;
				PRODUCT_NAME = "$(TARGET_NAME)";
				SWIFT_VERSION = 3.0;
			};
			name = Release;
		};
		DBCB72EE1E1322E000F4B6F0 /* Debug */ = {
			isa = XCBuildConfiguration;
			buildSettings = {
				ALWAYS_EMBED_SWIFT_STANDARD_LIBRARIES = YES;
				BUNDLE_LOADER = "$(TEST_HOST)";
				INFOPLIST_FILE = USConstitutionTests/Info.plist;
				LD_RUNPATH_SEARCH_PATHS = "$(inherited) @executable_path/Frameworks @loader_path/Frameworks";
				PRODUCT_BUNDLE_IDENTIFIER = AJZ.USConstitutionTests;
				PRODUCT_NAME = "$(TARGET_NAME)";
				SWIFT_VERSION = 3.0;
				TEST_HOST = "$(BUILT_PRODUCTS_DIR)/USConstitution.app/USConstitution";
			};
			name = Debug;
		};
		DBCB72EF1E1322E000F4B6F0 /* Release */ = {
			isa = XCBuildConfiguration;
			buildSettings = {
				ALWAYS_EMBED_SWIFT_STANDARD_LIBRARIES = YES;
				BUNDLE_LOADER = "$(TEST_HOST)";
				INFOPLIST_FILE = USConstitutionTests/Info.plist;
				LD_RUNPATH_SEARCH_PATHS = "$(inherited) @executable_path/Frameworks @loader_path/Frameworks";
				PRODUCT_BUNDLE_IDENTIFIER = AJZ.USConstitutionTests;
				PRODUCT_NAME = "$(TARGET_NAME)";
				SWIFT_VERSION = 3.0;
				TEST_HOST = "$(BUILT_PRODUCTS_DIR)/USConstitution.app/USConstitution";
			};
			name = Release;
		};
		DBCB72F11E1322E000F4B6F0 /* Debug */ = {
			isa = XCBuildConfiguration;
			buildSettings = {
				ALWAYS_EMBED_SWIFT_STANDARD_LIBRARIES = YES;
				INFOPLIST_FILE = USConstitutionUITests/Info.plist;
				LD_RUNPATH_SEARCH_PATHS = "$(inherited) @executable_path/Frameworks @loader_path/Frameworks";
				PRODUCT_BUNDLE_IDENTIFIER = AJZ.USConstitutionUITests;
				PRODUCT_NAME = "$(TARGET_NAME)";
				SWIFT_VERSION = 3.0;
				TEST_TARGET_NAME = USConstitution;
			};
			name = Debug;
		};
		DBCB72F21E1322E000F4B6F0 /* Release */ = {
			isa = XCBuildConfiguration;
			buildSettings = {
				ALWAYS_EMBED_SWIFT_STANDARD_LIBRARIES = YES;
				INFOPLIST_FILE = USConstitutionUITests/Info.plist;
				LD_RUNPATH_SEARCH_PATHS = "$(inherited) @executable_path/Frameworks @loader_path/Frameworks";
				PRODUCT_BUNDLE_IDENTIFIER = AJZ.USConstitutionUITests;
				PRODUCT_NAME = "$(TARGET_NAME)";
				SWIFT_VERSION = 3.0;
				TEST_TARGET_NAME = USConstitution;
			};
			name = Release;
		};
/* End XCBuildConfiguration section */

/* Begin XCConfigurationList section */
		DBCB72BA1E1322DE00F4B6F0 /* Build configuration list for PBXProject "USConstitution" */ = {
			isa = XCConfigurationList;
			buildConfigurations = (
				DBCB72E81E1322DF00F4B6F0 /* Debug */,
				DBCB72E91E1322DF00F4B6F0 /* Release */,
			);
			defaultConfigurationIsVisible = 0;
			defaultConfigurationName = Release;
		};
		DBCB72EA1E1322DF00F4B6F0 /* Build configuration list for PBXNativeTarget "USConstitution" */ = {
			isa = XCConfigurationList;
			buildConfigurations = (
				DBCB72EB1E1322DF00F4B6F0 /* Debug */,
				DBCB72EC1E1322DF00F4B6F0 /* Release */,
			);
			defaultConfigurationIsVisible = 0;
		};
		DBCB72ED1E1322E000F4B6F0 /* Build configuration list for PBXNativeTarget "USConstitutionTests" */ = {
			isa = XCConfigurationList;
			buildConfigurations = (
				DBCB72EE1E1322E000F4B6F0 /* Debug */,
				DBCB72EF1E1322E000F4B6F0 /* Release */,
			);
			defaultConfigurationIsVisible = 0;
		};
		DBCB72F01E1322E000F4B6F0 /* Build configuration list for PBXNativeTarget "USConstitutionUITests" */ = {
			isa = XCConfigurationList;
			buildConfigurations = (
				DBCB72F11E1322E000F4B6F0 /* Debug */,
				DBCB72F21E1322E000F4B6F0 /* Release */,
			);
			defaultConfigurationIsVisible = 0;
		};
/* End XCConfigurationList section */

/* Begin XCVersionGroup section */
		DBCB72C91E1322DF00F4B6F0 /* USConstitution.xcdatamodeld */ = {
			isa = XCVersionGroup;
			children = (
				DBCB72CA1E1322DF00F4B6F0 /* USConstitution.xcdatamodel */,
			);
			currentVersion = DBCB72CA1E1322DF00F4B6F0 /* USConstitution.xcdatamodel */;
			path = USConstitution.xcdatamodeld;
			sourceTree = "<group>";
			versionGroupType = wrapper.xcdatamodel;
		};
/* End XCVersionGroup section */
	};
	rootObject = DBCB72B71E1322DE00F4B6F0 /* Project object */;
}
